
Microsoft Visual Studio Solution File, Format Version 12.00
# Visual Studio Version 16
VisualStudioVersion = 16.0.30717.126
MinimumVisualStudioVersion = 10.0.40219.1
Project("{159641D6-6404-4A2A-AE62-294DE0FE8301}") = "SSIS_Boyd", "SSIS_Boyd.dtproj", "{56C46769-E016-4B9A-B298-E649294BEE03}"
EndProject
Global
	GlobalSection(SolutionConfigurationPlatforms) = preSolution
		Development|Default = Development|Default
	EndGlobalSection
	GlobalSection(ProjectConfigurationPlatforms) = postSolution
		{56C46769-E016-4B9A-B298-E649294BEE03}.Development|Default.ActiveCfg = Development
		{56C46769-E016-4B9A-B298-E649294BEE03}.Development|Default.Build.0 = Development
	EndGlobalSection
	GlobalSection(SolutionProperties) = preSolution
		HideSolutionNode = FALSE
	EndGlobalSection
	GlobalSection(ExtensibilityGlobals) = postSolution
		SolutionGuid = {9CC5CF25-7B47-4298-AAAB-8559343ABBD8}
	EndGlobalSection
EndGlobal
